
Microsoft Visual Studio Solution File, Format Version 12.00
# Visual Studio Version 16
VisualStudioVersion = 16.0.29403.142
MinimumVisualStudioVersion = 10.0.40219.1
Project("{FAE04EC0-301F-11D3-BF4B-00C04F79EFBC}") = "Level Editor", "Level Editor\Level Editor.csproj", "{717A995A-64B0-4729-BB1A-5F896B6354B3}"
EndProject
Global
	GlobalSection(SolutionConfigurationPlatforms) = preSolution
		Debug|Any CPU = Debug|Any CPU
		Release|Any CPU = Release|Any CPU
	EndGlobalSection
	GlobalSection(ProjectConfigurationPlatforms) = postSolution
		{717A995A-64B0-4729-BB1A-5F896B6354B3}.Debug|Any CPU.ActiveCfg = Debug|Any CPU
		{717A995A-64B0-4729-BB1A-5F896B6354B3}.Debug|Any CPU.Build.0 = Debug|Any CPU
		{717A995A-64B0-4729-BB1A-5F896B6354B3}.Release|Any CPU.ActiveCfg = Release|Any CPU
		{717A995A-64B0-4729-BB1A-5F896B6354B3}.Release|Any CPU.Build.0 = Release|Any CPU
	EndGlobalSection
	GlobalSection(SolutionProperties) = preSolution
		HideSolutionNode = FALSE
	EndGlobalSection
	GlobalSection(ExtensibilityGlobals) = postSolution
		SolutionGuid = {9E64DC4D-55AA-4B62-A204-1A3CC549BC60}
	EndGlobalSection
EndGlobal
